
Microsoft Visual Studio Solution File, Format Version 12.00
# Visual Studio Version 17
VisualStudioVersion = 17.13.35806.99 d17.13
MinimumVisualStudioVersion = 10.0.40219.1
Project("{FAE04EC0-301F-11D3-BF4B-00C04F79EFBC}") = "Dmain", "Dmain\Dmain.csproj", "{285ADED7-9AE5-4613-B113-78570321B95A}"
EndProject
Project("{FAE04EC0-301F-11D3-BF4B-00C04F79EFBC}") = "Application", "Application\Application.csproj", "{C964E057-4703-43E5-B34B-AE181310363C}"
EndProject
Project("{FAE04EC0-301F-11D3-BF4B-00C04F79EFBC}") = "Infrastructure", "Infrastructure\Infrastructure.csproj", "{C90D859F-511D-4D94-9C14-7F88BD132554}"
EndProject
Project("{FAE04EC0-301F-11D3-BF4B-00C04F79EFBC}") = "Presentation", "Presentation\Presentation.csproj", "{6AFD4A51-F285-4FE6-A884-F69977631C61}"
EndProject
Project("{2150E333-8FDC-42A3-9474-1A3956D46DE8}") = "Solution Items", "Solution Items", "{8EC462FD-D22E-90A8-E5CE-7E832BA40C5D}"
	ProjectSection(SolutionItems) = preProject
		.gitignore = .gitignore
	EndProjectSection
EndProject
Global
	GlobalSection(SolutionConfigurationPlatforms) = preSolution
		Debug|Any CPU = Debug|Any CPU
		Release|Any CPU = Release|Any CPU
	EndGlobalSection
	GlobalSection(ProjectConfigurationPlatforms) = postSolution
		{285ADED7-9AE5-4613-B113-78570321B95A}.Debug|Any CPU.ActiveCfg = Debug|Any CPU
		{285ADED7-9AE5-4613-B113-78570321B95A}.Debug|Any CPU.Build.0 = Debug|Any CPU
		{285ADED7-9AE5-4613-B113-78570321B95A}.Release|Any CPU.ActiveCfg = Release|Any CPU
		{285ADED7-9AE5-4613-B113-78570321B95A}.Release|Any CPU.Build.0 = Release|Any CPU
		{C964E057-4703-43E5-B34B-AE181310363C}.Debug|Any CPU.ActiveCfg = Debug|Any CPU
		{C964E057-4703-43E5-B34B-AE181310363C}.Debug|Any CPU.Build.0 = Debug|Any CPU
		{C964E057-4703-43E5-B34B-AE181310363C}.Release|Any CPU.ActiveCfg = Release|Any CPU
		{C964E057-4703-43E5-B34B-AE181310363C}.Release|Any CPU.Build.0 = Release|Any CPU
		{C90D859F-511D-4D94-9C14-7F88BD132554}.Debug|Any CPU.ActiveCfg = Debug|Any CPU
		{C90D859F-511D-4D94-9C14-7F88BD132554}.Debug|Any CPU.Build.0 = Debug|Any CPU
		{C90D859F-511D-4D94-9C14-7F88BD132554}.Release|Any CPU.ActiveCfg = Release|Any CPU
		{C90D859F-511D-4D94-9C14-7F88BD132554}.Release|Any CPU.Build.0 = Release|Any CPU
		{6AFD4A51-F285-4FE6-A884-F69977631C61}.Debug|Any CPU.ActiveCfg = Debug|Any CPU
		{6AFD4A51-F285-4FE6-A884-F69977631C61}.Debug|Any CPU.Build.0 = Debug|Any CPU
		{6AFD4A51-F285-4FE6-A884-F69977631C61}.Release|Any CPU.ActiveCfg = Release|Any CPU
		{6AFD4A51-F285-4FE6-A884-F69977631C61}.Release|Any CPU.Build.0 = Release|Any CPU
	EndGlobalSection
	GlobalSection(SolutionProperties) = preSolution
		HideSolutionNode = FALSE
	EndGlobalSection
	GlobalSection(ExtensibilityGlobals) = postSolution
		SolutionGuid = {9DF76393-5765-4944-8C4C-383C65E5399F}
	EndGlobalSection
EndGlobal
